
Microsoft Visual Studio Solution File, Format Version 12.00
# Visual Studio Version 17
VisualStudioVersion = 17.1.32421.90
MinimumVisualStudioVersion = 10.0.40219.1
Project("{FAE04EC0-301F-11D3-BF4B-00C04F79EFBC}") = "KillFeed", "KillFeed\KillFeed.csproj", "{70D717E0-F6D2-4ED0-932D-D1D5FFF7585E}"
EndProject
Global
	GlobalSection(SolutionConfigurationPlatforms) = preSolution
		Debug|Any CPU = Debug|Any CPU
		Release|Any CPU = Release|Any CPU
		v11|Any CPU = v11|Any CPU
		v13|Any CPU = v13|Any CPU
		v14|Any CPU = v14|Any CPU
	EndGlobalSection
	GlobalSection(ProjectConfigurationPlatforms) = postSolution
		{70D717E0-F6D2-4ED0-932D-D1D5FFF7585E}.Debug|Any CPU.ActiveCfg = Debug|Any CPU
		{70D717E0-F6D2-4ED0-932D-D1D5FFF7585E}.Debug|Any CPU.Build.0 = Debug|Any CPU
		{70D717E0-F6D2-4ED0-932D-D1D5FFF7585E}.Release|Any CPU.ActiveCfg = Release|Any CPU
		{70D717E0-F6D2-4ED0-932D-D1D5FFF7585E}.Release|Any CPU.Build.0 = Release|Any CPU
		{70D717E0-F6D2-4ED0-932D-D1D5FFF7585E}.v11|Any CPU.ActiveCfg = v11|Any CPU
		{70D717E0-F6D2-4ED0-932D-D1D5FFF7585E}.v11|Any CPU.Build.0 = v11|Any CPU
		{70D717E0-F6D2-4ED0-932D-D1D5FFF7585E}.v13|Any CPU.ActiveCfg = v13|Any CPU
		{70D717E0-F6D2-4ED0-932D-D1D5FFF7585E}.v13|Any CPU.Build.0 = v13|Any CPU
		{70D717E0-F6D2-4ED0-932D-D1D5FFF7585E}.v14|Any CPU.ActiveCfg = v14|Any CPU
		{70D717E0-F6D2-4ED0-932D-D1D5FFF7585E}.v14|Any CPU.Build.0 = v14|Any CPU
	EndGlobalSection
	GlobalSection(SolutionProperties) = preSolution
		HideSolutionNode = FALSE
	EndGlobalSection
	GlobalSection(ExtensibilityGlobals) = postSolution
		SolutionGuid = {3D862D88-AD14-4E0F-8272-9D3CDACE83AA}
	EndGlobalSection
EndGlobal
